
Microsoft Visual Studio Solution File, Format Version 12.00
# Visual Studio Version 17
VisualStudioVersion = 17.5.33530.505
MinimumVisualStudioVersion = 10.0.40219.1
Project("{FAE04EC0-301F-11D3-BF4B-00C04F79EFBC}") = "03 Curzon", "03 Curzon.csproj", "{10F4BC98-4A8E-4173-A346-AD86AEF861C2}"
EndProject
Global
	GlobalSection(SolutionConfigurationPlatforms) = preSolution
		Debug|Any CPU = Debug|Any CPU
		Release|Any CPU = Release|Any CPU
	EndGlobalSection
	GlobalSection(ProjectConfigurationPlatforms) = postSolution
		{10F4BC98-4A8E-4173-A346-AD86AEF861C2}.Debug|Any CPU.ActiveCfg = Debug|Any CPU
		{10F4BC98-4A8E-4173-A346-AD86AEF861C2}.Debug|Any CPU.Build.0 = Debug|Any CPU
		{10F4BC98-4A8E-4173-A346-AD86AEF861C2}.Release|Any CPU.ActiveCfg = Release|Any CPU
		{10F4BC98-4A8E-4173-A346-AD86AEF861C2}.Release|Any CPU.Build.0 = Release|Any CPU
	EndGlobalSection
	GlobalSection(SolutionProperties) = preSolution
		HideSolutionNode = FALSE
	EndGlobalSection
	GlobalSection(ExtensibilityGlobals) = postSolution
		SolutionGuid = {D03760F7-0D65-4CD4-BC34-6EC761C0B5D6}
	EndGlobalSection
EndGlobal
