
Microsoft Visual Studio Solution File, Format Version 12.00
# Visual Studio Version 17
VisualStudioVersion = 17.5.33530.505
MinimumVisualStudioVersion = 10.0.40219.1
Project("{FAE04EC0-301F-11D3-BF4B-00C04F79EFBC}") = "03 Special", "03 Special.csproj", "{09EE287D-1A4F-4A9A-95EC-A63C1935603D}"
EndProject
Global
	GlobalSection(SolutionConfigurationPlatforms) = preSolution
		Debug|Any CPU = Debug|Any CPU
		Release|Any CPU = Release|Any CPU
	EndGlobalSection
	GlobalSection(ProjectConfigurationPlatforms) = postSolution
		{09EE287D-1A4F-4A9A-95EC-A63C1935603D}.Debug|Any CPU.ActiveCfg = Debug|Any CPU
		{09EE287D-1A4F-4A9A-95EC-A63C1935603D}.Debug|Any CPU.Build.0 = Debug|Any CPU
		{09EE287D-1A4F-4A9A-95EC-A63C1935603D}.Release|Any CPU.ActiveCfg = Release|Any CPU
		{09EE287D-1A4F-4A9A-95EC-A63C1935603D}.Release|Any CPU.Build.0 = Release|Any CPU
	EndGlobalSection
	GlobalSection(SolutionProperties) = preSolution
		HideSolutionNode = FALSE
	EndGlobalSection
	GlobalSection(ExtensibilityGlobals) = postSolution
		SolutionGuid = {3B82AC1E-C933-4FEE-9682-6EF2970C03BF}
	EndGlobalSection
EndGlobal
