
Microsoft Visual Studio Solution File, Format Version 12.00
# Visual Studio Version 17
VisualStudioVersion = 17.5.33530.505
MinimumVisualStudioVersion = 10.0.40219.1
Project("{FAE04EC0-301F-11D3-BF4B-00C04F79EFBC}") = "03 Months", "03 Months.csproj", "{16E104E9-0FF1-4566-865E-6B6FF0BB2BF9}"
EndProject
Global
	GlobalSection(SolutionConfigurationPlatforms) = preSolution
		Debug|Any CPU = Debug|Any CPU
		Release|Any CPU = Release|Any CPU
	EndGlobalSection
	GlobalSection(ProjectConfigurationPlatforms) = postSolution
		{16E104E9-0FF1-4566-865E-6B6FF0BB2BF9}.Debug|Any CPU.ActiveCfg = Debug|Any CPU
		{16E104E9-0FF1-4566-865E-6B6FF0BB2BF9}.Debug|Any CPU.Build.0 = Debug|Any CPU
		{16E104E9-0FF1-4566-865E-6B6FF0BB2BF9}.Release|Any CPU.ActiveCfg = Release|Any CPU
		{16E104E9-0FF1-4566-865E-6B6FF0BB2BF9}.Release|Any CPU.Build.0 = Release|Any CPU
	EndGlobalSection
	GlobalSection(SolutionProperties) = preSolution
		HideSolutionNode = FALSE
	EndGlobalSection
	GlobalSection(ExtensibilityGlobals) = postSolution
		SolutionGuid = {7B9B784B-B978-4B4B-853A-F86B0165C659}
	EndGlobalSection
EndGlobal
