
Microsoft Visual Studio Solution File, Format Version 12.00
# Visual Studio Version 17
VisualStudioVersion = 17.5.33530.505
MinimumVisualStudioVersion = 10.0.40219.1
Project("{FAE04EC0-301F-11D3-BF4B-00C04F79EFBC}") = "The art of nesting", "The art of nesting.csproj", "{3088ABA5-312E-4D20-BF2A-FB8D8DAA3293}"
EndProject
Global
	GlobalSection(SolutionConfigurationPlatforms) = preSolution
		Debug|Any CPU = Debug|Any CPU
		Release|Any CPU = Release|Any CPU
	EndGlobalSection
	GlobalSection(ProjectConfigurationPlatforms) = postSolution
		{3088ABA5-312E-4D20-BF2A-FB8D8DAA3293}.Debug|Any CPU.ActiveCfg = Debug|Any CPU
		{3088ABA5-312E-4D20-BF2A-FB8D8DAA3293}.Debug|Any CPU.Build.0 = Debug|Any CPU
		{3088ABA5-312E-4D20-BF2A-FB8D8DAA3293}.Release|Any CPU.ActiveCfg = Release|Any CPU
		{3088ABA5-312E-4D20-BF2A-FB8D8DAA3293}.Release|Any CPU.Build.0 = Release|Any CPU
	EndGlobalSection
	GlobalSection(SolutionProperties) = preSolution
		HideSolutionNode = FALSE
	EndGlobalSection
	GlobalSection(ExtensibilityGlobals) = postSolution
		SolutionGuid = {2C90BE1A-F289-4C98-8BDA-5D1941AA504E}
	EndGlobalSection
EndGlobal
