
Microsoft Visual Studio Solution File, Format Version 12.00
# Visual Studio Version 17
VisualStudioVersion = 17.5.33530.505
MinimumVisualStudioVersion = 10.0.40219.1
Project("{FAE04EC0-301F-11D3-BF4B-00C04F79EFBC}") = "05 Duplicates", "05 Duplicates.csproj", "{1167C8C7-5D5E-4A27-9A9D-42B5BEE53375}"
EndProject
Global
	GlobalSection(SolutionConfigurationPlatforms) = preSolution
		Debug|Any CPU = Debug|Any CPU
		Release|Any CPU = Release|Any CPU
	EndGlobalSection
	GlobalSection(ProjectConfigurationPlatforms) = postSolution
		{1167C8C7-5D5E-4A27-9A9D-42B5BEE53375}.Debug|Any CPU.ActiveCfg = Debug|Any CPU
		{1167C8C7-5D5E-4A27-9A9D-42B5BEE53375}.Debug|Any CPU.Build.0 = Debug|Any CPU
		{1167C8C7-5D5E-4A27-9A9D-42B5BEE53375}.Release|Any CPU.ActiveCfg = Release|Any CPU
		{1167C8C7-5D5E-4A27-9A9D-42B5BEE53375}.Release|Any CPU.Build.0 = Release|Any CPU
	EndGlobalSection
	GlobalSection(SolutionProperties) = preSolution
		HideSolutionNode = FALSE
	EndGlobalSection
	GlobalSection(ExtensibilityGlobals) = postSolution
		SolutionGuid = {2B070FC1-5145-4C69-B3B1-23DD7D0FDD0C}
	EndGlobalSection
EndGlobal
